{
  "lockfileVersion": 1,
  "workspaces": {
    "": {
      "name": "starter",
      "dependencies": {
        "dprint": "^0.50.2",
        "oxlint": "^1.23.0",
        "react": "^19.1.1",
        "react-dom": "^19.1.1",
        "typescript": "^5.9.3",
      },
      "devDependencies": {
        "@types/bun": "latest",
        "@types/react": "^19",
        "@types/react-dom": "^19",
      },
    },
  },
  "packages": {
    "@dprint/darwin-arm64": ["@dprint/darwin-arm64@0.50.2", "", { "os": "darwin", "cpu": "arm64" }, "sha512-4d08INZlTxbPW9LK9W8+93viN543/qA2Kxn4azVnPW/xCb2Im03UqJBz8mMm3nJZdtNnK3uTVG3ib1VW+XJisw=="],

    "@dprint/darwin-x64": ["@dprint/darwin-x64@0.50.2", "", { "os": "darwin", "cpu": "x64" }, "sha512-ZXWPBwdLojhdBATq+bKwJvB7D8bIzrD6eR/Xuq9UYE7evQazUiR069d9NPF0iVuzTo6wNf9ub9SXI7qDl11EGA=="],

    "@dprint/linux-arm64-glibc": ["@dprint/linux-arm64-glibc@0.50.2", "", { "os": "linux", "cpu": "arm64" }, "sha512-marxQzRw8atXAnaawwZHeeUaaAVewrGTlFKKcDASGyjPBhc23J5fHPUPremm8xCbgYZyTlokzrV8/1rDRWhJcw=="],

    "@dprint/linux-arm64-musl": ["@dprint/linux-arm64-musl@0.50.2", "", { "os": "linux", "cpu": "arm64" }, "sha512-oGDq44ydzo0ZkJk6RHcUzUN5sOMT5HC6WA8kHXI6tkAsLUkaLO2DzZFfW4aAYZUn+hYNpQfQD8iGew0sjkyLyg=="],

    "@dprint/linux-riscv64-glibc": ["@dprint/linux-riscv64-glibc@0.50.2", "", { "os": "linux", "cpu": "none" }, "sha512-QMmZoZYWsXezDcC03fBOwPfxhTpPEyHqutcgJ0oauN9QcSXGji9NSZITMmtLz2Ki3T1MIvdaLd1goGzNSvNqTQ=="],

    "@dprint/linux-x64-glibc": ["@dprint/linux-x64-glibc@0.50.2", "", { "os": "linux", "cpu": "x64" }, "sha512-KMeHEzb4teQJChTgq8HuQzc+reRNDnarOTGTQovAZ9WNjOtKLViftsKWW5HsnRHtP5nUIPE9rF1QLjJ/gUsqvw=="],

    "@dprint/linux-x64-musl": ["@dprint/linux-x64-musl@0.50.2", "", { "os": "linux", "cpu": "x64" }, "sha512-qM37T7H69g5coBTfE7SsA+KZZaRBky6gaUhPgAYxW+fOsoVtZSVkXtfTtQauHTpqqOEtbxfCtum70Hz1fr1teg=="],

    "@dprint/win32-arm64": ["@dprint/win32-arm64@0.50.2", "", { "os": "win32", "cpu": "arm64" }, "sha512-kuGVHGoxLwssVDsodefUIYQRoO2fQncurH/xKgXiZwMPOSzFcgUzYJQiyqmJEp+PENhO9VT1hXUHZtlyCAWBUQ=="],

    "@dprint/win32-x64": ["@dprint/win32-x64@0.50.2", "", { "os": "win32", "cpu": "x64" }, "sha512-N3l9k31c3IMfVXqL0L6ygIhJFvCIrfQ+Z5Jph6RnCcBO6oDYWeYhAv/qBk1vLsF2y/e79TKsR1tvaEwnrQ03XA=="],

    "@oxlint/darwin-arm64": ["@oxlint/darwin-arm64@1.23.0", "", { "os": "darwin", "cpu": "arm64" }, "sha512-sbxoftgEMKmZQO7O4wHR9Rs7MfiHa2UH2x4QJDoc4LXqSCsI4lUIJbFQ05vX+zOUbt7CQMPdxEzExd4DqeKY2w=="],

    "@oxlint/darwin-x64": ["@oxlint/darwin-x64@1.23.0", "", { "os": "darwin", "cpu": "x64" }, "sha512-PjByWr1TlwHQiOqEc8CPyXCT4wnujSK3n9l1m4un0Eh0uLJEDG5WM9tyDWOGuakC0Ika9/SMp0HDRg3ySchRRA=="],

    "@oxlint/linux-arm64-gnu": ["@oxlint/linux-arm64-gnu@1.23.0", "", { "os": "linux", "cpu": "arm64" }, "sha512-sWlCwQ6xKeKC08qU3SfozqpRGCLJiO/onPYFJKEHbjzHkFp+OubOacFaT4ePcka28jCU1TvQ7Gi5BVQRncr0Xg=="],

    "@oxlint/linux-arm64-musl": ["@oxlint/linux-arm64-musl@1.23.0", "", { "os": "linux", "cpu": "arm64" }, "sha512-MPkmSiezuVgjMbzDSkRhENdnb038JOI+OTpBrOho2crbCAuqSRvyFwkMRhncJGZskzo1yeKxrKXB8T83ofmSXw=="],

    "@oxlint/linux-x64-gnu": ["@oxlint/linux-x64-gnu@1.23.0", "", { "os": "linux", "cpu": "x64" }, "sha512-F6H9wmLfjBoNqtsgyg3P9abLnkVjNbCAnISKdRtDl7HvkMs4s/eU8np9+tSnqPeKOTBhkS+h/VSWgPGZTqIWQA=="],

    "@oxlint/linux-x64-musl": ["@oxlint/linux-x64-musl@1.23.0", "", { "os": "linux", "cpu": "x64" }, "sha512-Xra0Cow35mAku8mbUbviPRalTU4Ct6MXQ1Eue8GmN4HFkjosrNa5qfy7QkJBqzjiI+JdnHxPXwackGn92/XOQw=="],

    "@oxlint/win32-arm64": ["@oxlint/win32-arm64@1.23.0", "", { "os": "win32", "cpu": "arm64" }, "sha512-FR+I+uGD3eFzTfBw87QRr+Y1jBYil3TqPM0wkSvuf3gOJTEXAfSkh9QHCgQqrseW3HDW7YJJ8ty1+sU31H/N4g=="],

    "@oxlint/win32-x64": ["@oxlint/win32-x64@1.23.0", "", { "os": "win32", "cpu": "x64" }, "sha512-/oX0b26YIC1OgS5B+G8Ux1Vs/PIjOP4CBRzsPpYr0T+RoboJ3ZuV32bztLRggJKQqIlozcqiRo9fl/UMOMp8kQ=="],

    "@types/bun": ["@types/bun@1.2.20", "", { "dependencies": { "bun-types": "1.2.20" } }, "sha512-dX3RGzQ8+KgmMw7CsW4xT5ITBSCrSbfHc36SNT31EOUg/LA9JWq0VDdEXDRSe1InVWpd2yLUM1FUF/kEOyTzYA=="],

    "@types/node": ["@types/node@24.2.1", "", { "dependencies": { "undici-types": "~7.10.0" } }, "sha512-DRh5K+ka5eJic8CjH7td8QpYEV6Zo10gfRkjHCO3weqZHWDtAaSTFtl4+VMqOJ4N5jcuhZ9/l+yy8rVgw7BQeQ=="],

    "@types/react": ["@types/react@19.1.10", "", { "dependencies": { "csstype": "^3.0.2" } }, "sha512-EhBeSYX0Y6ye8pNebpKrwFJq7BoQ8J5SO6NlvNwwHjSj6adXJViPQrKlsyPw7hLBLvckEMO1yxeGdR82YBBlDg=="],

    "@types/react-dom": ["@types/react-dom@19.1.7", "", { "peerDependencies": { "@types/react": "^19.0.0" } }, "sha512-i5ZzwYpqjmrKenzkoLM2Ibzt6mAsM7pxB6BCIouEVVmgiqaMj1TjaK7hnA36hbW5aZv20kx7Lw6hWzPWg0Rurw=="],

    "bun-types": ["bun-types@1.2.20", "", { "dependencies": { "@types/node": "*" }, "peerDependencies": { "@types/react": "^19" } }, "sha512-pxTnQYOrKvdOwyiyd/7sMt9yFOenN004Y6O4lCcCUoKVej48FS5cvTw9geRaEcB9TsDZaJKAxPTVvi8tFsVuXA=="],

    "csstype": ["csstype@3.1.3", "", {}, "sha512-M1uQkMl8rQK/szD0LNhtqxIPLpimGm8sOBwU7lLnCpSbTyY3yeU1Vc7l4KT5zT4s/yOxHH5O7tIuuLOCnLADRw=="],

    "dprint": ["dprint@0.50.2", "", { "optionalDependencies": { "@dprint/darwin-arm64": "0.50.2", "@dprint/darwin-x64": "0.50.2", "@dprint/linux-arm64-glibc": "0.50.2", "@dprint/linux-arm64-musl": "0.50.2", "@dprint/linux-riscv64-glibc": "0.50.2", "@dprint/linux-x64-glibc": "0.50.2", "@dprint/linux-x64-musl": "0.50.2", "@dprint/win32-arm64": "0.50.2", "@dprint/win32-x64": "0.50.2" }, "bin": { "dprint": "bin.js" } }, "sha512-+0Fzg+17jsMMUouK00/Fara5YtGOuE76EAJINHB8VpkXHd0n00rMXtw/03qorOgz23eo8Y0UpYvNZBJJo3aNtw=="],

    "oxlint": ["oxlint@1.23.0", "", { "optionalDependencies": { "@oxlint/darwin-arm64": "1.23.0", "@oxlint/darwin-x64": "1.23.0", "@oxlint/linux-arm64-gnu": "1.23.0", "@oxlint/linux-arm64-musl": "1.23.0", "@oxlint/linux-x64-gnu": "1.23.0", "@oxlint/linux-x64-musl": "1.23.0", "@oxlint/win32-arm64": "1.23.0", "@oxlint/win32-x64": "1.23.0" }, "peerDependencies": { "oxlint-tsgolint": ">=0.2.0" }, "optionalPeers": ["oxlint-tsgolint"], "bin": { "oxlint": "bin/oxlint", "oxc_language_server": "bin/oxc_language_server" } }, "sha512-cLVdSE7Bza8npm+PffU0oufs15+M5uSMbQn0k2fJCayWU0xqQ3dyA3w9tEk8lgNOk1j1VJEdYctz64Vik8VG1w=="],

    "react": ["react@19.1.1", "", {}, "sha512-w8nqGImo45dmMIfljjMwOGtbmC/mk4CMYhWIicdSflH91J9TyCyczcPFXJzrZ/ZXcgGRFeP6BU0BEJTw6tZdfQ=="],

    "react-dom": ["react-dom@19.1.1", "", { "dependencies": { "scheduler": "^0.26.0" }, "peerDependencies": { "react": "^19.1.1" } }, "sha512-Dlq/5LAZgF0Gaz6yiqZCf6VCcZs1ghAJyrsu84Q/GT0gV+mCxbfmKNoGRKBYMJ8IEdGPqu49YWXD02GCknEDkw=="],

    "scheduler": ["scheduler@0.26.0", "", {}, "sha512-NlHwttCI/l5gCPR3D1nNXtWABUmBwvZpEQiD4IXSbIDq8BzLIK/7Ir5gTFSGZDUu37K5cMNp0hFtzO38sC7gWA=="],

    "typescript": ["typescript@5.9.3", "", { "bin": { "tsc": "bin/tsc", "tsserver": "bin/tsserver" } }, "sha512-jl1vZzPDinLr9eUt3J/t7V6FgNEw9QjvBPdysz9KfQDD41fQrC2Y4vKQdiaUpFT4bXlb1RHhLpp8wtm6M5TgSw=="],

    "undici-types": ["undici-types@7.10.0", "", {}, "sha512-t5Fy/nfn+14LuOc2KNYg75vZqClpAiqscVvMygNnlsHBFpSXdJaYtXMcdNLpl/Qvc3P2cB3s6lOV51nqsFq4ag=="],
  }
}
